
Microsoft Visual Studio Solution File, Format Version 12.00
# Visual Studio Version 16
VisualStudioVersion = 16.0.29613.14
MinimumVisualStudioVersion = 10.0.40219.1
Project("{9A19103F-16F7-4668-BE54-9A1E7A4F7556}") = "DAX.EventProcessing.Serialization", "DAX.EventProcessing.Serialization\DAX.EventProcessing.Serialization.csproj", "{881E7F37-49F0-44A6-A32D-6472B1F64DF0}"
EndProject
Project("{9A19103F-16F7-4668-BE54-9A1E7A4F7556}") = "DAX.EventProcessing.Serialization.Tests", "DAX.EventProcessing.Serialization.Tests\DAX.EventProcessing.Serialization.Tests.csproj", "{D03043A3-FF60-4316-ADFA-7C2E4BDDADB6}"
EndProject
Project("{FAE04EC0-301F-11D3-BF4B-00C04F79EFBC}") = "DAX.EventProcessing.Dispatcher", "DAX.EventProcessing.Dispatcher\DAX.EventProcessing.Dispatcher.csproj", "{5F036DE4-BF00-4A27-B6BE-C96FD1B2C296}"
EndProject
Global
	GlobalSection(SolutionConfigurationPlatforms) = preSolution
		Debug|Any CPU = Debug|Any CPU
		Release|Any CPU = Release|Any CPU
	EndGlobalSection
	GlobalSection(ProjectConfigurationPlatforms) = postSolution
		{881E7F37-49F0-44A6-A32D-6472B1F64DF0}.Debug|Any CPU.ActiveCfg = Debug|Any CPU
		{881E7F37-49F0-44A6-A32D-6472B1F64DF0}.Debug|Any CPU.Build.0 = Debug|Any CPU
		{881E7F37-49F0-44A6-A32D-6472B1F64DF0}.Release|Any CPU.ActiveCfg = Release|Any CPU
		{881E7F37-49F0-44A6-A32D-6472B1F64DF0}.Release|Any CPU.Build.0 = Release|Any CPU
		{D03043A3-FF60-4316-ADFA-7C2E4BDDADB6}.Debug|Any CPU.ActiveCfg = Debug|Any CPU
		{D03043A3-FF60-4316-ADFA-7C2E4BDDADB6}.Debug|Any CPU.Build.0 = Debug|Any CPU
		{D03043A3-FF60-4316-ADFA-7C2E4BDDADB6}.Release|Any CPU.ActiveCfg = Release|Any CPU
		{D03043A3-FF60-4316-ADFA-7C2E4BDDADB6}.Release|Any CPU.Build.0 = Release|Any CPU
		{5F036DE4-BF00-4A27-B6BE-C96FD1B2C296}.Debug|Any CPU.ActiveCfg = Debug|Any CPU
		{5F036DE4-BF00-4A27-B6BE-C96FD1B2C296}.Debug|Any CPU.Build.0 = Debug|Any CPU
		{5F036DE4-BF00-4A27-B6BE-C96FD1B2C296}.Release|Any CPU.ActiveCfg = Release|Any CPU
		{5F036DE4-BF00-4A27-B6BE-C96FD1B2C296}.Release|Any CPU.Build.0 = Release|Any CPU
	EndGlobalSection
	GlobalSection(SolutionProperties) = preSolution
		HideSolutionNode = FALSE
	EndGlobalSection
	GlobalSection(ExtensibilityGlobals) = postSolution
		SolutionGuid = {F1808693-C6E6-48DA-A5A9-EB7375C1FF3A}
	EndGlobalSection
EndGlobal
